
Microsoft Visual Studio Solution File, Format Version 12.00
# Visual Studio Version 18
VisualStudioVersion = 18.4.11605.240
MinimumVisualStudioVersion = 10.0.40219.1
Project("{FAE04EC0-301F-11D3-BF4B-00C04F79EFBC}") = "ManicDigger", "ManicDigger\ManicDigger.csproj", "{650BC108-C744-4DA1-AEFD-CD8F011483B3}"
EndProject
Project("{FAE04EC0-301F-11D3-BF4B-00C04F79EFBC}") = "ManicDiggerServer", "ManicDiggerServer\ManicDiggerServer.csproj", "{46D2CD51-9603-48B4-87D1-7377B5F1E51E}"
EndProject
Project("{FAE04EC0-301F-11D3-BF4B-00C04F79EFBC}") = "ManicDigger.Core", "ManicDigger.Core\ManicDigger.Core.csproj", "{08056549-3BE8-454C-A09A-67EDCDC81261}"
EndProject
Project("{FAE04EC0-301F-11D3-BF4B-00C04F79EFBC}") = "ManicDigger.Domain", "ManicDigger.Domain\ManicDigger.Domain.csproj", "{A3582245-A1D1-4135-BA90-8EFD7830DA83}"
EndProject
Project("{2150E333-8FDC-42A3-9474-1A3956D46DE8}") = "Solution Items", "Solution Items", "{F9C2C6E0-7CBD-4F42-BE60-7142D3AFE779}"
	ProjectSection(SolutionItems) = preProject
		.editorconfig = .editorconfig
		..\..\..\Downloads\BlockTypes_README.html = ..\..\..\Downloads\BlockTypes_README.html
		BlockTypes_README.html = BlockTypes_README.html
		README.md = README.md
		README_fBm.md = README_fBm.md
	EndProjectSection
EndProject
Project("{FAE04EC0-301F-11D3-BF4B-00C04F79EFBC}") = "ManicDigger.Maui", "ManicDigger.Maui\ManicDigger.Maui.csproj", "{B50C1D99-A4F9-42B8-B67D-975F8021890C}"
EndProject
Project("{2150E333-8FDC-42A3-9474-1A3956D46DE8}") = "Tests", "Tests", "{F1C81588-8630-4F83-9602-3544AC76F66D}"
EndProject
Project("{FAE04EC0-301F-11D3-BF4B-00C04F79EFBC}") = "ManicDigger.Benchmark", "ManicDigger.Benchmark\ManicDigger.Benchmark.csproj", "{EF948D54-8AD1-4F13-A9FE-737127CE907D}"
EndProject
Global
	GlobalSection(SolutionConfigurationPlatforms) = preSolution
		Debug|Any CPU = Debug|Any CPU
		FastBuild|Any CPU = FastBuild|Any CPU
		Release|Any CPU = Release|Any CPU
	EndGlobalSection
	GlobalSection(ProjectConfigurationPlatforms) = postSolution
		{650BC108-C744-4DA1-AEFD-CD8F011483B3}.Debug|Any CPU.ActiveCfg = Debug|Any CPU
		{650BC108-C744-4DA1-AEFD-CD8F011483B3}.Debug|Any CPU.Build.0 = Debug|Any CPU
		{650BC108-C744-4DA1-AEFD-CD8F011483B3}.FastBuild|Any CPU.ActiveCfg = FastBuild|Any CPU
		{650BC108-C744-4DA1-AEFD-CD8F011483B3}.FastBuild|Any CPU.Build.0 = FastBuild|Any CPU
		{650BC108-C744-4DA1-AEFD-CD8F011483B3}.Release|Any CPU.ActiveCfg = Release|Any CPU
		{650BC108-C744-4DA1-AEFD-CD8F011483B3}.Release|Any CPU.Build.0 = Release|Any CPU
		{46D2CD51-9603-48B4-87D1-7377B5F1E51E}.Debug|Any CPU.ActiveCfg = Debug|Any CPU
		{46D2CD51-9603-48B4-87D1-7377B5F1E51E}.Debug|Any CPU.Build.0 = Debug|Any CPU
		{46D2CD51-9603-48B4-87D1-7377B5F1E51E}.FastBuild|Any CPU.ActiveCfg = FastBuild|Any CPU
		{46D2CD51-9603-48B4-87D1-7377B5F1E51E}.Release|Any CPU.ActiveCfg = Release|Any CPU
		{46D2CD51-9603-48B4-87D1-7377B5F1E51E}.Release|Any CPU.Build.0 = Release|Any CPU
		{08056549-3BE8-454C-A09A-67EDCDC81261}.Debug|Any CPU.ActiveCfg = Debug|Any CPU
		{08056549-3BE8-454C-A09A-67EDCDC81261}.Debug|Any CPU.Build.0 = Debug|Any CPU
		{08056549-3BE8-454C-A09A-67EDCDC81261}.FastBuild|Any CPU.ActiveCfg = FastBuild|Any CPU
		{08056549-3BE8-454C-A09A-67EDCDC81261}.FastBuild|Any CPU.Build.0 = FastBuild|Any CPU
		{08056549-3BE8-454C-A09A-67EDCDC81261}.Release|Any CPU.ActiveCfg = Release|Any CPU
		{08056549-3BE8-454C-A09A-67EDCDC81261}.Release|Any CPU.Build.0 = Release|Any CPU
		{A3582245-A1D1-4135-BA90-8EFD7830DA83}.Debug|Any CPU.ActiveCfg = Debug|Any CPU
		{A3582245-A1D1-4135-BA90-8EFD7830DA83}.Debug|Any CPU.Build.0 = Debug|Any CPU
		{A3582245-A1D1-4135-BA90-8EFD7830DA83}.FastBuild|Any CPU.ActiveCfg = FastBuild|Any CPU
		{A3582245-A1D1-4135-BA90-8EFD7830DA83}.FastBuild|Any CPU.Build.0 = FastBuild|Any CPU
		{A3582245-A1D1-4135-BA90-8EFD7830DA83}.Release|Any CPU.ActiveCfg = Release|Any CPU
		{A3582245-A1D1-4135-BA90-8EFD7830DA83}.Release|Any CPU.Build.0 = Release|Any CPU
		{B50C1D99-A4F9-42B8-B67D-975F8021890C}.Debug|Any CPU.ActiveCfg = Debug|Any CPU
		{B50C1D99-A4F9-42B8-B67D-975F8021890C}.Debug|Any CPU.Build.0 = Debug|Any CPU
		{B50C1D99-A4F9-42B8-B67D-975F8021890C}.Debug|Any CPU.Deploy.0 = Debug|Any CPU
		{B50C1D99-A4F9-42B8-B67D-975F8021890C}.FastBuild|Any CPU.ActiveCfg = Release|Any CPU
		{B50C1D99-A4F9-42B8-B67D-975F8021890C}.FastBuild|Any CPU.Build.0 = Release|Any CPU
		{B50C1D99-A4F9-42B8-B67D-975F8021890C}.Release|Any CPU.ActiveCfg = Release|Any CPU
		{B50C1D99-A4F9-42B8-B67D-975F8021890C}.Release|Any CPU.Build.0 = Release|Any CPU
		{EF948D54-8AD1-4F13-A9FE-737127CE907D}.Debug|Any CPU.ActiveCfg = Debug|Any CPU
		{EF948D54-8AD1-4F13-A9FE-737127CE907D}.Debug|Any CPU.Build.0 = Debug|Any CPU
		{EF948D54-8AD1-4F13-A9FE-737127CE907D}.FastBuild|Any CPU.ActiveCfg = Release|Any CPU
		{EF948D54-8AD1-4F13-A9FE-737127CE907D}.FastBuild|Any CPU.Build.0 = Release|Any CPU
		{EF948D54-8AD1-4F13-A9FE-737127CE907D}.Release|Any CPU.ActiveCfg = Release|Any CPU
		{EF948D54-8AD1-4F13-A9FE-737127CE907D}.Release|Any CPU.Build.0 = Release|Any CPU
	EndGlobalSection
	GlobalSection(SolutionProperties) = preSolution
		HideSolutionNode = FALSE
	EndGlobalSection
	GlobalSection(NestedProjects) = preSolution
		{EF948D54-8AD1-4F13-A9FE-737127CE907D} = {F1C81588-8630-4F83-9602-3544AC76F66D}
	EndGlobalSection
	GlobalSection(ExtensibilityGlobals) = postSolution
		SolutionGuid = {D331AA92-6BEC-4175-8E65-A767983D895D}
	EndGlobalSection
EndGlobal
